
Microsoft Visual Studio Solution File, Format Version 12.00
# Visual Studio 15
VisualStudioVersion = 15.0.27703.2000
MinimumVisualStudioVersion = 10.0.40219.1
Project("{9A19103F-16F7-4668-BE54-9A1E7A4F7556}") = "fuzzy-core", "fuzzy-core.csproj", "{6C854569-A52C-47C6-9301-4197083BAF5E}"
EndProject
Project("{FAE04EC0-301F-11D3-BF4B-00C04F79EFBC}") = "TestNorthwindApp", "..\TestNorthwindApp\TestNorthwindApp.csproj", "{34677482-EF9D-4D39-BA2E-1BF235E8CB87}"
EndProject
Global
	GlobalSection(SolutionConfigurationPlatforms) = preSolution
		Debug|Any CPU = Debug|Any CPU
		Release|Any CPU = Release|Any CPU
	EndGlobalSection
	GlobalSection(ProjectConfigurationPlatforms) = postSolution
		{6C854569-A52C-47C6-9301-4197083BAF5E}.Debug|Any CPU.ActiveCfg = Debug|Any CPU
		{6C854569-A52C-47C6-9301-4197083BAF5E}.Debug|Any CPU.Build.0 = Debug|Any CPU
		{6C854569-A52C-47C6-9301-4197083BAF5E}.Release|Any CPU.ActiveCfg = Release|Any CPU
		{6C854569-A52C-47C6-9301-4197083BAF5E}.Release|Any CPU.Build.0 = Release|Any CPU
		{34677482-EF9D-4D39-BA2E-1BF235E8CB87}.Debug|Any CPU.ActiveCfg = Debug|Any CPU
		{34677482-EF9D-4D39-BA2E-1BF235E8CB87}.Debug|Any CPU.Build.0 = Debug|Any CPU
		{34677482-EF9D-4D39-BA2E-1BF235E8CB87}.Release|Any CPU.ActiveCfg = Release|Any CPU
		{34677482-EF9D-4D39-BA2E-1BF235E8CB87}.Release|Any CPU.Build.0 = Release|Any CPU
	EndGlobalSection
	GlobalSection(SolutionProperties) = preSolution
		HideSolutionNode = FALSE
	EndGlobalSection
	GlobalSection(ExtensibilityGlobals) = postSolution
		SolutionGuid = {9A5F5F71-41B4-427A-AD02-C140F7454B70}
	EndGlobalSection
EndGlobal
